
Microsoft Visual Studio Solution File, Format Version 12.00
# Visual Studio Version 17
VisualStudioVersion = 17.11.35208.52
MinimumVisualStudioVersion = 10.0.40219.1
Project("{9A19103F-16F7-4668-BE54-9A1E7A4F7556}") = "BlazorCrud.server", "BlazorCrud.server\BlazorCrud.server.csproj", "{D73731CA-1324-405E-9B76-27B743D22657}"
EndProject
Project("{9A19103F-16F7-4668-BE54-9A1E7A4F7556}") = "BlazorCrud.shared", "BlazorCrud.shared\BlazorCrud.shared.csproj", "{30CF179A-D545-4704-AA97-9D22B7972581}"
EndProject
Project("{9A19103F-16F7-4668-BE54-9A1E7A4F7556}") = "BlazorCrud.client", "BlazorCrud.client\BlazorCrud.client.csproj", "{53FD0394-CE58-4077-8417-8F8E5DB14CEE}"
EndProject
Global
	GlobalSection(SolutionConfigurationPlatforms) = preSolution
		Debug|Any CPU = Debug|Any CPU
		Release|Any CPU = Release|Any CPU
	EndGlobalSection
	GlobalSection(ProjectConfigurationPlatforms) = postSolution
		{D73731CA-1324-405E-9B76-27B743D22657}.Debug|Any CPU.ActiveCfg = Debug|Any CPU
		{D73731CA-1324-405E-9B76-27B743D22657}.Debug|Any CPU.Build.0 = Debug|Any CPU
		{D73731CA-1324-405E-9B76-27B743D22657}.Release|Any CPU.ActiveCfg = Release|Any CPU
		{D73731CA-1324-405E-9B76-27B743D22657}.Release|Any CPU.Build.0 = Release|Any CPU
		{30CF179A-D545-4704-AA97-9D22B7972581}.Debug|Any CPU.ActiveCfg = Debug|Any CPU
		{30CF179A-D545-4704-AA97-9D22B7972581}.Debug|Any CPU.Build.0 = Debug|Any CPU
		{30CF179A-D545-4704-AA97-9D22B7972581}.Release|Any CPU.ActiveCfg = Release|Any CPU
		{30CF179A-D545-4704-AA97-9D22B7972581}.Release|Any CPU.Build.0 = Release|Any CPU
		{53FD0394-CE58-4077-8417-8F8E5DB14CEE}.Debug|Any CPU.ActiveCfg = Debug|Any CPU
		{53FD0394-CE58-4077-8417-8F8E5DB14CEE}.Debug|Any CPU.Build.0 = Debug|Any CPU
		{53FD0394-CE58-4077-8417-8F8E5DB14CEE}.Release|Any CPU.ActiveCfg = Release|Any CPU
		{53FD0394-CE58-4077-8417-8F8E5DB14CEE}.Release|Any CPU.Build.0 = Release|Any CPU
	EndGlobalSection
	GlobalSection(SolutionProperties) = preSolution
		HideSolutionNode = FALSE
	EndGlobalSection
	GlobalSection(ExtensibilityGlobals) = postSolution
		SolutionGuid = {B4331085-C0CF-4934-B2E3-979FED58A772}
	EndGlobalSection
EndGlobal
